#
# This file is autogenerated by pip-compile with Python 3.11
# by the following command:
#
#    pip-compile --output-file=requirements.lock pyproject.toml
#
annotated-types==0.7.0
    # via pydantic
pydantic==2.13.4
    # via apache-ossie-ontology (pyproject.toml)
pydantic-core==2.46.4
    # via pydantic
pyyaml==6.0.3
    # via apache-ossie-ontology (pyproject.toml)
typing-extensions==4.15.0
    # via
    #   pydantic
    #   pydantic-core
    #   typing-inspection
typing-inspection==0.4.2
    # via pydantic
